
Microsoft Visual Studio Solution File, Format Version 12.00
# Visual Studio 14
VisualStudioVersion = 14.0.25420.1
MinimumVisualStudioVersion = 10.0.40219.1
Project("{2150E333-8FDC-42A3-9474-1A3956D46DE8}") = "1.DAL", "1.DAL", "{2DA41107-EBA9-44F1-AEA3-8E689528E299}"
EndProject
Project("{2150E333-8FDC-42A3-9474-1A3956D46DE8}") = "2.BAL", "2.BAL", "{818C5E58-BD07-4396-8061-7DF3B3FAA6AF}"
EndProject
Project("{2150E333-8FDC-42A3-9474-1A3956D46DE8}") = "4.UI", "4.UI", "{EF6C87D6-CE30-490D-9C6C-854B5A884640}"
EndProject
Project("{2150E333-8FDC-42A3-9474-1A3956D46DE8}") = "5.UnitTest", "5.UnitTest", "{4A03F9C0-EA0D-464F-8DBB-EAE73D42A74D}"
EndProject
Project("{2150E333-8FDC-42A3-9474-1A3956D46DE8}") = "3.Core", "3.Core", "{49998809-2834-4A41-9E68-F4CB97B300D8}"
EndProject
Project("{FAE04EC0-301F-11D3-BF4B-00C04F79EFBC}") = "SharedModels", "1.DAL\SharedModels\SharedModels.csproj", "{2A44C2C0-785D-4CA7-BEA7-1F055A48167F}"
EndProject
Project("{2150E333-8FDC-42A3-9474-1A3956D46DE8}") = "0.References", "0.References", "{752ED05C-5ECE-4E4F-A1D7-3850E23E09AF}"
EndProject
Project("{FAE04EC0-301F-11D3-BF4B-00C04F79EFBC}") = "PdfEntity", "1.DAL\PdfEntity\PdfEntity.csproj", "{E002CCAB-59AE-47CE-8354-18F47300ED8C}"
EndProject
Project("{FAE04EC0-301F-11D3-BF4B-00C04F79EFBC}") = "PdfGenerator", "2.BAL\PdfGenerator\PdfGenerator.csproj", "{BCEC8A4B-444F-4F8E-BBF3-00508D251944}"
EndProject
Project("{FAE04EC0-301F-11D3-BF4B-00C04F79EFBC}") = "UIConfig", "2.BAL\PdfUIConfig\UIConfig.csproj", "{359FF2D2-B28F-43A5-AEA8-468DD890B8B5}"
EndProject
Project("{FAE04EC0-301F-11D3-BF4B-00C04F79EFBC}") = "PdfLogging", "3.Core\PdfLogging\PdfLogging.csproj", "{E52CFA87-E69F-4C72-995E-591FAC25E960}"
EndProject
Project("{FAE04EC0-301F-11D3-BF4B-00C04F79EFBC}") = "PdfWeb", "4.UI\PdfWeb\PdfWeb.csproj", "{08481A3C-CCFB-4341-B7C5-FF76151F5247}"
EndProject
Project("{FAE04EC0-301F-11D3-BF4B-00C04F79EFBC}") = "PdfUnitTest", "5.UnitTest\PdfUnitTest\PdfUnitTest.csproj", "{0494D3CF-7A45-4EDF-A8F9-2423257E9C84}"
EndProject
Global
	GlobalSection(SolutionConfigurationPlatforms) = preSolution
		Debug|Any CPU = Debug|Any CPU
		Release|Any CPU = Release|Any CPU
	EndGlobalSection
	GlobalSection(ProjectConfigurationPlatforms) = postSolution
		{2A44C2C0-785D-4CA7-BEA7-1F055A48167F}.Debug|Any CPU.ActiveCfg = Debug|Any CPU
		{2A44C2C0-785D-4CA7-BEA7-1F055A48167F}.Debug|Any CPU.Build.0 = Debug|Any CPU
		{2A44C2C0-785D-4CA7-BEA7-1F055A48167F}.Release|Any CPU.ActiveCfg = Release|Any CPU
		{2A44C2C0-785D-4CA7-BEA7-1F055A48167F}.Release|Any CPU.Build.0 = Release|Any CPU
		{E002CCAB-59AE-47CE-8354-18F47300ED8C}.Debug|Any CPU.ActiveCfg = Debug|Any CPU
		{E002CCAB-59AE-47CE-8354-18F47300ED8C}.Debug|Any CPU.Build.0 = Debug|Any CPU
		{E002CCAB-59AE-47CE-8354-18F47300ED8C}.Release|Any CPU.ActiveCfg = Release|Any CPU
		{E002CCAB-59AE-47CE-8354-18F47300ED8C}.Release|Any CPU.Build.0 = Release|Any CPU
		{BCEC8A4B-444F-4F8E-BBF3-00508D251944}.Debug|Any CPU.ActiveCfg = Debug|Any CPU
		{BCEC8A4B-444F-4F8E-BBF3-00508D251944}.Debug|Any CPU.Build.0 = Debug|Any CPU
		{BCEC8A4B-444F-4F8E-BBF3-00508D251944}.Release|Any CPU.ActiveCfg = Release|Any CPU
		{BCEC8A4B-444F-4F8E-BBF3-00508D251944}.Release|Any CPU.Build.0 = Release|Any CPU
		{359FF2D2-B28F-43A5-AEA8-468DD890B8B5}.Debug|Any CPU.ActiveCfg = Debug|Any CPU
		{359FF2D2-B28F-43A5-AEA8-468DD890B8B5}.Debug|Any CPU.Build.0 = Debug|Any CPU
		{359FF2D2-B28F-43A5-AEA8-468DD890B8B5}.Release|Any CPU.ActiveCfg = Release|Any CPU
		{359FF2D2-B28F-43A5-AEA8-468DD890B8B5}.Release|Any CPU.Build.0 = Release|Any CPU
		{E52CFA87-E69F-4C72-995E-591FAC25E960}.Debug|Any CPU.ActiveCfg = Debug|Any CPU
		{E52CFA87-E69F-4C72-995E-591FAC25E960}.Debug|Any CPU.Build.0 = Debug|Any CPU
		{E52CFA87-E69F-4C72-995E-591FAC25E960}.Release|Any CPU.ActiveCfg = Release|Any CPU
		{E52CFA87-E69F-4C72-995E-591FAC25E960}.Release|Any CPU.Build.0 = Release|Any CPU
		{08481A3C-CCFB-4341-B7C5-FF76151F5247}.Debug|Any CPU.ActiveCfg = Debug|Any CPU
		{08481A3C-CCFB-4341-B7C5-FF76151F5247}.Debug|Any CPU.Build.0 = Debug|Any CPU
		{08481A3C-CCFB-4341-B7C5-FF76151F5247}.Release|Any CPU.ActiveCfg = Release|Any CPU
		{08481A3C-CCFB-4341-B7C5-FF76151F5247}.Release|Any CPU.Build.0 = Release|Any CPU
		{0494D3CF-7A45-4EDF-A8F9-2423257E9C84}.Debug|Any CPU.ActiveCfg = Debug|Any CPU
		{0494D3CF-7A45-4EDF-A8F9-2423257E9C84}.Debug|Any CPU.Build.0 = Debug|Any CPU
		{0494D3CF-7A45-4EDF-A8F9-2423257E9C84}.Release|Any CPU.ActiveCfg = Release|Any CPU
		{0494D3CF-7A45-4EDF-A8F9-2423257E9C84}.Release|Any CPU.Build.0 = Release|Any CPU
	EndGlobalSection
	GlobalSection(SolutionProperties) = preSolution
		HideSolutionNode = FALSE
	EndGlobalSection
	GlobalSection(NestedProjects) = preSolution
		{2A44C2C0-785D-4CA7-BEA7-1F055A48167F} = {2DA41107-EBA9-44F1-AEA3-8E689528E299}
		{E002CCAB-59AE-47CE-8354-18F47300ED8C} = {2DA41107-EBA9-44F1-AEA3-8E689528E299}
		{BCEC8A4B-444F-4F8E-BBF3-00508D251944} = {818C5E58-BD07-4396-8061-7DF3B3FAA6AF}
		{359FF2D2-B28F-43A5-AEA8-468DD890B8B5} = {818C5E58-BD07-4396-8061-7DF3B3FAA6AF}
		{E52CFA87-E69F-4C72-995E-591FAC25E960} = {49998809-2834-4A41-9E68-F4CB97B300D8}
		{08481A3C-CCFB-4341-B7C5-FF76151F5247} = {EF6C87D6-CE30-490D-9C6C-854B5A884640}
		{0494D3CF-7A45-4EDF-A8F9-2423257E9C84} = {4A03F9C0-EA0D-464F-8DBB-EAE73D42A74D}
	EndGlobalSection
EndGlobal
